
Microsoft Visual Studio Solution File, Format Version 12.00
# Visual Studio 15
VisualStudioVersion = 15.0.27703.2035
MinimumVisualStudioVersion = 10.0.40219.1
Project("{FAE04EC0-301F-11D3-BF4B-00C04F79EFBC}") = "Mongodb.Repository", "Mongodb.Repository.csproj", "{1F25BC9C-5352-49CE-BBD2-0EAC6136E745}"
EndProject
Global
	GlobalSection(SolutionConfigurationPlatforms) = preSolution
		Debug|Any CPU = Debug|Any CPU
		Release|Any CPU = Release|Any CPU
	EndGlobalSection
	GlobalSection(ProjectConfigurationPlatforms) = postSolution
		{1F25BC9C-5352-49CE-BBD2-0EAC6136E745}.Debug|Any CPU.ActiveCfg = Debug|Any CPU
		{1F25BC9C-5352-49CE-BBD2-0EAC6136E745}.Debug|Any CPU.Build.0 = Debug|Any CPU
		{1F25BC9C-5352-49CE-BBD2-0EAC6136E745}.Release|Any CPU.ActiveCfg = Release|Any CPU
		{1F25BC9C-5352-49CE-BBD2-0EAC6136E745}.Release|Any CPU.Build.0 = Release|Any CPU
	EndGlobalSection
	GlobalSection(SolutionProperties) = preSolution
		HideSolutionNode = FALSE
	EndGlobalSection
	GlobalSection(ExtensibilityGlobals) = postSolution
		SolutionGuid = {618F6874-BCD4-4FD4-A4D8-0E104E24050D}
	EndGlobalSection
EndGlobal
